{
    "hash": "1aebece91bf301110d217bc359fcb418",
    "packages": [
        {
            "package": "beberlei/DoctrineExtensions",
            "version": "v0.1"
        },
        {
            "package": "briareos/acl-bundle",
            "version": "dev-master",
            "source-reference": "master",
            "commit-date": "1342302832"
        },
        {
            "package": "briareos/ajax-bundle",
            "version": "dev-master",
            "source-reference": "master",
            "commit-date": "1342987827"
        },
        {
            "package": "briareos/chat-bundle",
            "version": "dev-master",
            "source-reference": "master",
            "commit-date": "1342729576"
        },
        {
            "package": "briareos/geo-bundle",
            "version": "dev-master",
            "source-reference": "master",
            "commit-date": "1342653356"
        },
        {
            "package": "briareos/nodejs-bundle",
            "version": "dev-master",
            "source-reference": "master",
            "commit-date": "1342729600"
        },
        {
            "package": "doctrine/common",
            "version": "2.3.x-dev",
            "source-reference": "b0ed9cc35ec28b7cd23d3d001e6fd4c7b5092926",
            "commit-date": "1343082138"
        },
        {
            "package": "doctrine/data-fixtures",
            "version": "dev-master",
            "source-reference": "779c3dfe446b6da893be87b908d6be28345d1e01",
            "commit-date": "1341780535"
        },
        {
            "package": "doctrine/dbal",
            "version": "2.3.x-dev",
            "source-reference": "3d426e5b3957790b97008c341ac6e53e08a50503",
            "commit-date": "1343082205"
        },
        {
            "package": "doctrine/doctrine-bundle",
            "version": "dev-master",
            "alias-pretty-version": "1.0.x-dev",
            "alias-version": "1.0.9999999.9999999-dev"
        },
        {
            "package": "doctrine/doctrine-bundle",
            "version": "dev-master",
            "source-reference": "62134e6a8dd3f330131ee6a970f0cee1d7760c1d",
            "commit-date": "1343203511"
        },
        {
            "package": "doctrine/doctrine-fixtures-bundle",
            "version": "dev-master",
            "source-reference": "a5103a71bcd9b2f851ca6c16519a077784a3184a",
            "commit-date": "1341472847"
        },
        {
            "package": "doctrine/orm",
            "version": "2.3.x-dev",
            "source-reference": "2389f77d915230974146621cff2b18c59f0c2298",
            "commit-date": "1343238851"
        },
        {
            "package": "doctrine/spatial",
            "version": "dev-master",
            "source-reference": "master",
            "commit-date": "1342652809"
        },
        {
            "package": "elao/web-profiler-extra-bundle",
            "version": "dev-master",
            "source-reference": "e5e40520ed2565a663de84f1dc4f022e4f8e1f0d",
            "commit-date": "1338542950"
        },
        {
            "package": "facebook/php-sdk",
            "version": "dev-master",
            "source-reference": "5e14dc3729ba52bd4ee188ffc202611250b2e8f8",
            "commit-date": "1342487814"
        },
        {
            "package": "friendsofsymfony/facebook-bundle",
            "version": "dev-master",
            "source-reference": "2492024a5778f82bc24c96e6022aedf3be0df65b",
            "commit-date": "1342339065"
        },
        {
            "package": "gedmo/doctrine-extensions",
            "version": "dev-master",
            "source-reference": "9898253452a37733d278af6fc595b059327c4218",
            "commit-date": "1342872222"
        },
        {
            "package": "imagine/Imagine",
            "version": "dev-master",
            "source-reference": "v0.2.8",
            "commit-date": "1322638721"
        },
        {
            "package": "jms/aop-bundle",
            "version": "1.0.0"
        },
        {
            "package": "jms/cg",
            "version": "1.0.0"
        },
        {
            "package": "jms/di-extra-bundle",
            "version": "1.0.1"
        },
        {
            "package": "jms/metadata",
            "version": "1.1.1"
        },
        {
            "package": "jms/security-extra-bundle",
            "version": "1.1.0"
        },
        {
            "package": "knplabs/gaufrette",
            "version": "dev-master",
            "source-reference": "67df02e98ac63e28670c2032f15331276869c89e",
            "commit-date": "1340261986"
        },
        {
            "package": "knplabs/knp-menu",
            "version": "v1.1.2"
        },
        {
            "package": "knplabs/knp-menu-bundle",
            "version": "v1.1.0"
        },
        {
            "package": "knplabs/knp-zend-cache-bundle",
            "version": "0.1"
        },
        {
            "package": "kriswallsmith/assetic",
            "version": "dev-master",
            "alias-pretty-version": "1.1.x-dev",
            "alias-version": "1.1.9999999.9999999-dev"
        },
        {
            "package": "kriswallsmith/assetic",
            "version": "dev-master",
            "source-reference": "c518a48ddc26af898191410cc35f7f30aaed448e",
            "commit-date": "1343084248"
        },
        {
            "package": "kriswallsmith/buzz",
            "version": "dev-master",
            "source-reference": "2ba5da13b1b03590f0164b3fb61578078d671fcc",
            "commit-date": "1341070218"
        },
        {
            "package": "lunetics/locale-bundle",
            "version": "dev-2.1-compat",
            "source-reference": "49d10eb365af09ff077ccbadc69c83b51fb3421a",
            "commit-date": "1341839139"
        },
        {
            "package": "monolog/monolog",
            "version": "1.1.0"
        },
        {
            "package": "mopa/bootstrap-bundle",
            "version": "dev-master",
            "alias-pretty-version": "2.1.x-dev",
            "alias-version": "2.1.9999999.9999999-dev"
        },
        {
            "package": "mopa/bootstrap-bundle",
            "version": "dev-master",
            "source-reference": "d5dd68b0c796a3ae81cb8ab8a249f39e1a57a4d0",
            "commit-date": "1343250288"
        },
        {
            "package": "mopa/composer-bridge",
            "version": "dev-master",
            "source-reference": "84b8bf537163b4470f14d02554a0e9eb5d300172",
            "commit-date": "1337596733"
        },
        {
            "package": "sensio/distribution-bundle",
            "version": "dev-master",
            "source-reference": "5886adae1613c0a72fbb95259a83ae798e86c0d3",
            "commit-date": "1342347850"
        },
        {
            "package": "sensio/framework-extra-bundle",
            "version": "dev-master",
            "alias-pretty-version": "2.1.x-dev",
            "alias-version": "2.1.9999999.9999999-dev"
        },
        {
            "package": "sensio/framework-extra-bundle",
            "version": "dev-master",
            "source-reference": "998f5edbffcc422ebd74dab093d9a35d96e3edf6",
            "commit-date": "1343247216"
        },
        {
            "package": "sensio/generator-bundle",
            "version": "dev-master",
            "alias-pretty-version": "2.1.x-dev",
            "alias-version": "2.1.9999999.9999999-dev"
        },
        {
            "package": "sensio/generator-bundle",
            "version": "dev-master",
            "source-reference": "c17dbddefe517e3adfcbeaa1ab7cef3e572d29c6",
            "commit-date": "1342195488"
        },
        {
            "package": "sonata-project/admin-bundle",
            "version": "dev-master",
            "source-reference": "7018d7cf861cc5814142343939de06cfeadd8065",
            "commit-date": "1342939739"
        },
        {
            "package": "sonata-project/block-bundle",
            "version": "dev-master",
            "source-reference": "60909960a33575cd9c31c5263b4e284de5526736",
            "commit-date": "1342902255"
        },
        {
            "package": "sonata-project/cache-bundle",
            "version": "dev-master",
            "source-reference": "921309636b5f062c78bfde2c7dcdda2d820f0a4e",
            "commit-date": "1342907451"
        },
        {
            "package": "sonata-project/doctrine-extensions",
            "version": "dev-master",
            "source-reference": "0a316790871e1ea7f019e2313667570eabd270b9",
            "commit-date": "1332462393"
        },
        {
            "package": "sonata-project/doctrine-orm-admin-bundle",
            "version": "dev-master",
            "source-reference": "c3fd475f4e9de8f5738a6c7379de8469e7cf1b2a",
            "commit-date": "1343150907"
        },
        {
            "package": "sonata-project/easy-extends-bundle",
            "version": "dev-master",
            "source-reference": "643baef65930a9d05844b3ebb095304ad3127978",
            "commit-date": "1341350670"
        },
        {
            "package": "sonata-project/exporter",
            "version": "dev-master",
            "source-reference": "bcdfd50bc3118173d914e790921701ab26fb6b14",
            "commit-date": "1338844924"
        },
        {
            "package": "sonata-project/intl-bundle",
            "version": "dev-master",
            "source-reference": "d90d5e7db4be7c590164b57241913f4a77cc87a4",
            "commit-date": "1338812899"
        },
        {
            "package": "sonata-project/jquery-bundle",
            "version": "dev-master",
            "source-reference": "785870afce016cc387fadb361ad52c3d4a2e7fe6",
            "commit-date": "1339857469"
        },
        {
            "package": "sonata-project/media-bundle",
            "version": "dev-master",
            "source-reference": "a9ea8400ea78c336d2b44ca55b0087812ee4b124",
            "commit-date": "1343134478"
        },
        {
            "package": "sonata-project/notification-bundle",
            "version": "dev-master",
            "source-reference": "c52d09d10dc99e7a2b3c976dd65be2b071bebbf6",
            "commit-date": "1339063222"
        },
        {
            "package": "stof/doctrine-extensions-bundle",
            "version": "dev-master",
            "source-reference": "f31a0861de08b6594f09430a4cbaf0618e5e11ad",
            "commit-date": "1343029923"
        },
        {
            "package": "swiftmailer/swiftmailer",
            "version": "dev-master",
            "alias-pretty-version": "4.2.x-dev",
            "alias-version": "4.2.9999999.9999999-dev"
        },
        {
            "package": "swiftmailer/swiftmailer",
            "version": "dev-master",
            "source-reference": "8b2aa953f87da228ba413e8fb1372e49c1374050",
            "commit-date": "1342198037"
        },
        {
            "package": "symfony/assetic-bundle",
            "version": "dev-master",
            "alias-pretty-version": "2.1.x-dev",
            "alias-version": "2.1.9999999.9999999-dev"
        },
        {
            "package": "symfony/assetic-bundle",
            "version": "dev-master",
            "source-reference": "a5daf7ca4588f88105c808de9a28ba1e66bfa082",
            "commit-date": "1343161458"
        },
        {
            "package": "symfony/monolog-bundle",
            "version": "dev-master",
            "alias-pretty-version": "2.1.x-dev",
            "alias-version": "2.1.9999999.9999999-dev"
        },
        {
            "package": "symfony/monolog-bundle",
            "version": "dev-master",
            "source-reference": "v2.1.0-BETA4",
            "commit-date": "1341078487"
        },
        {
            "package": "symfony/swiftmailer-bundle",
            "version": "dev-master",
            "alias-pretty-version": "2.1.x-dev",
            "alias-version": "2.1.9999999.9999999-dev"
        },
        {
            "package": "symfony/swiftmailer-bundle",
            "version": "dev-master",
            "source-reference": "v2.1.0-BETA4",
            "commit-date": "1342684512"
        },
        {
            "package": "symfony/symfony",
            "version": "dev-master",
            "alias-pretty-version": "2.1.x-dev",
            "alias-version": "2.1.9999999.9999999-dev"
        },
        {
            "package": "symfony/symfony",
            "version": "dev-master",
            "source-reference": "c7bc4791c45861b0efc1d661e211f229cb4c05d9",
            "commit-date": "1343249662"
        },
        {
            "package": "twig/extensions",
            "version": "dev-master",
            "source-reference": "feb6d3f10c411e2631997c0a905aa581c80305c1",
            "commit-date": "1337599699"
        },
        {
            "package": "twig/twig",
            "version": "dev-master",
            "alias-pretty-version": "1.9.x-dev",
            "alias-version": "1.9.9999999.9999999-dev"
        },
        {
            "package": "twig/twig",
            "version": "dev-master",
            "source-reference": "657de7bdeb680815e0df95f63da9f81e1533d2ea",
            "commit-date": "1342953178"
        },
        {
            "package": "willdurand/geocoder",
            "version": "1.0.7"
        },
        {
            "package": "willdurand/geocoder-bundle",
            "version": "dev-master",
            "source-reference": "b37c374ed3e6a4dc4b7b1a327cf15640f51129f7",
            "commit-date": "1342516292"
        },
        {
            "package": "zendframework/zend-cache",
            "version": "2.0.0-beta1"
        },
        {
            "package": "zendframework/zend-filter",
            "version": "2.0.0-beta1"
        }
    ],
    "packages-dev": null,
    "aliases": [

    ],
    "minimum-stability": "dev",
    "stability-flags": {
        "symfony/symfony": 20,
        "doctrine/common": 20,
        "doctrine/orm": 20,
        "doctrine/dbal": 20,
        "doctrine/doctrine-bundle": 20,
        "doctrine/doctrine-fixtures-bundle": 20,
        "twig/extensions": 20,
        "symfony/assetic-bundle": 20,
        "swiftmailer/swiftmailer": 20,
        "symfony/swiftmailer-bundle": 20,
        "symfony/monolog-bundle": 20,
        "sensio/distribution-bundle": 20,
        "sensio/framework-extra-bundle": 20,
        "sensio/generator-bundle": 20,
        "lunetics/locale-bundle": 20,
        "friendsofsymfony/facebook-bundle": 20,
        "facebook/php-sdk": 20,
        "stof/doctrine-extensions-bundle": 20,
        "sonata-project/admin-bundle": 20,
        "sonata-project/doctrine-orm-admin-bundle": 20,
        "sonata-project/media-bundle": 20,
        "sonata-project/intl-bundle": 20,
        "sonata-project/easy-extends-bundle": 20,
        "knplabs/gaufrette": 20,
        "kriswallsmith/buzz": 20,
        "briareos/nodejs-bundle": 20,
        "briareos/chat-bundle": 20,
        "briareos/acl-bundle": 20,
        "elao/web-profiler-extra-bundle": 20,
        "willdurand/geocoder-bundle": 20,
        "doctrine/spatial": 20,
        "briareos/geo-bundle": 20,
        "briareos/ajax-bundle": 20,
        "mopa/bootstrap-bundle": 20
    }
}
