{
    "hash": "f70387c3ae3405ed0e72fc15de102bbe",
    "packages": [
        {
            "package": "beberlei/DoctrineExtensions",
            "version": "v0.1"
        },
        {
            "package": "briareos/acl-bundle",
            "version": "dev-master",
            "source-reference": "master",
            "commit-date": "1342283480"
        },
        {
            "package": "briareos/chat-bundle",
            "version": "dev-master",
            "source-reference": "master",
            "commit-date": "1341393274"
        },
        {
            "package": "briareos/nodejs-bundle",
            "version": "dev-master",
            "source-reference": "master",
            "commit-date": "1341393289"
        },
        {
            "package": "doctrine/common",
            "version": "dev-master",
            "alias-pretty-version": "2.3.x-dev",
            "alias-version": "2.3.9999999.9999999-dev"
        },
        {
            "package": "doctrine/common",
            "version": "dev-master",
            "source-reference": "ee3aeae972386d761d8358bab3d67e246f4261ba",
            "commit-date": "1342078708"
        },
        {
            "package": "doctrine/data-fixtures",
            "version": "dev-master",
            "source-reference": "779c3dfe446b6da893be87b908d6be28345d1e01",
            "commit-date": "1341780535"
        },
        {
            "package": "doctrine/dbal",
            "version": "dev-master",
            "alias-pretty-version": "2.3.x-dev",
            "alias-version": "2.3.9999999.9999999-dev"
        },
        {
            "package": "doctrine/dbal",
            "version": "dev-master",
            "source-reference": "00ac50c0e721b1dcbcc4924938ab648e28feb4cf",
            "commit-date": "1341891672"
        },
        {
            "package": "doctrine/doctrine-bundle",
            "version": "dev-master",
            "alias-pretty-version": "1.0.x-dev",
            "alias-version": "1.0.9999999.9999999-dev"
        },
        {
            "package": "doctrine/doctrine-bundle",
            "version": "dev-master",
            "source-reference": "c9ea46d1f0c48bb88bb87b44214fe44e03c0c692",
            "commit-date": "1341405737"
        },
        {
            "package": "doctrine/doctrine-fixtures-bundle",
            "version": "dev-master",
            "source-reference": "a5103a71bcd9b2f851ca6c16519a077784a3184a",
            "commit-date": "1341472847"
        },
        {
            "package": "doctrine/orm",
            "version": "dev-master",
            "alias-pretty-version": "2.3.x-dev",
            "alias-version": "2.3.9999999.9999999-dev"
        },
        {
            "package": "doctrine/orm",
            "version": "dev-master",
            "source-reference": "e0455b5550a27f5a6231c1f3b093092bb4c97bab",
            "commit-date": "1342078181"
        },
        {
            "package": "elao/web-profiler-extra-bundle",
            "version": "dev-master",
            "source-reference": "e5e40520ed2565a663de84f1dc4f022e4f8e1f0d",
            "commit-date": "1338542950"
        },
        {
            "package": "facebook/php-sdk",
            "version": "dev-master",
            "source-reference": "21321ffe121f62f7f7ff1068c42e693f07be912c",
            "commit-date": "1341949782"
        },
        {
            "package": "friendsofsymfony/facebook-bundle",
            "version": "dev-master",
            "source-reference": "9e034fd63bd52708f87f711957038c913796cfb3",
            "commit-date": "1341503818"
        },
        {
            "package": "gedmo/doctrine-extensions",
            "version": "dev-master",
            "source-reference": "e73090d10ff612fa3492045af67d95987dbedac5",
            "commit-date": "1342286029"
        },
        {
            "package": "imagine/Imagine",
            "version": "dev-master",
            "source-reference": "v0.2.8",
            "commit-date": "1322638721"
        },
        {
            "package": "jms/aop-bundle",
            "version": "1.0.0"
        },
        {
            "package": "jms/cg",
            "version": "1.0.0"
        },
        {
            "package": "jms/di-extra-bundle",
            "version": "1.0.1"
        },
        {
            "package": "jms/metadata",
            "version": "1.1.1"
        },
        {
            "package": "jms/security-extra-bundle",
            "version": "1.1.0"
        },
        {
            "package": "knplabs/gaufrette",
            "version": "dev-master",
            "source-reference": "67df02e98ac63e28670c2032f15331276869c89e",
            "commit-date": "1340261986"
        },
        {
            "package": "knplabs/knp-menu",
            "version": "v1.1.2"
        },
        {
            "package": "knplabs/knp-menu-bundle",
            "version": "v1.1.0"
        },
        {
            "package": "knplabs/knp-zend-cache-bundle",
            "version": "0.1"
        },
        {
            "package": "kriswallsmith/assetic",
            "version": "dev-master",
            "alias-pretty-version": "1.1.x-dev",
            "alias-version": "1.1.9999999.9999999-dev"
        },
        {
            "package": "kriswallsmith/assetic",
            "version": "dev-master",
            "source-reference": "d6f89a3170c5280ad554347dc113eb25fdf00ad7",
            "commit-date": "1339515714"
        },
        {
            "package": "kriswallsmith/buzz",
            "version": "dev-master",
            "source-reference": "2ba5da13b1b03590f0164b3fb61578078d671fcc",
            "commit-date": "1341070218"
        },
        {
            "package": "lunetics/locale-bundle",
            "version": "dev-2.1-compat",
            "source-reference": "49d10eb365af09ff077ccbadc69c83b51fb3421a",
            "commit-date": "1341839139"
        },
        {
            "package": "monolog/monolog",
            "version": "1.1.0"
        },
        {
            "package": "sensio/distribution-bundle",
            "version": "dev-master",
            "source-reference": "77323c97860fc2f73d988b2020ae414faebed153",
            "commit-date": "1342159333"
        },
        {
            "package": "sensio/framework-extra-bundle",
            "version": "dev-master",
            "alias-pretty-version": "2.1.x-dev",
            "alias-version": "2.1.9999999.9999999-dev"
        },
        {
            "package": "sensio/framework-extra-bundle",
            "version": "dev-master",
            "source-reference": "e9ac8f1a911ed29e30296c7f1549f53d4c94eddf",
            "commit-date": "1342084432"
        },
        {
            "package": "sensio/generator-bundle",
            "version": "dev-master",
            "alias-pretty-version": "2.1.x-dev",
            "alias-version": "2.1.9999999.9999999-dev"
        },
        {
            "package": "sensio/generator-bundle",
            "version": "dev-master",
            "source-reference": "c17dbddefe517e3adfcbeaa1ab7cef3e572d29c6",
            "commit-date": "1342195488"
        },
        {
            "package": "sonata-project/admin-bundle",
            "version": "dev-master",
            "source-reference": "8ebc06ce4bfd632acd11022093a90225e10534a1",
            "commit-date": "1342045725"
        },
        {
            "package": "sonata-project/block-bundle",
            "version": "dev-master",
            "source-reference": "40b435dab9db1f6bf1f311af1635712924a0f361",
            "commit-date": "1340007353"
        },
        {
            "package": "sonata-project/cache-bundle",
            "version": "dev-master",
            "source-reference": "5b966e7350636750df7e45920acb30946415ba6d",
            "commit-date": "1335863548"
        },
        {
            "package": "sonata-project/doctrine-extensions",
            "version": "dev-master",
            "source-reference": "0a316790871e1ea7f019e2313667570eabd270b9",
            "commit-date": "1332462393"
        },
        {
            "package": "sonata-project/doctrine-orm-admin-bundle",
            "version": "dev-master",
            "source-reference": "e196f0ef78235aa969a767690fb17f24ede4970e",
            "commit-date": "1341785038"
        },
        {
            "package": "sonata-project/easy-extends-bundle",
            "version": "dev-master",
            "source-reference": "643baef65930a9d05844b3ebb095304ad3127978",
            "commit-date": "1341350670"
        },
        {
            "package": "sonata-project/exporter",
            "version": "dev-master",
            "source-reference": "bcdfd50bc3118173d914e790921701ab26fb6b14",
            "commit-date": "1338844924"
        },
        {
            "package": "sonata-project/intl-bundle",
            "version": "dev-master",
            "source-reference": "d90d5e7db4be7c590164b57241913f4a77cc87a4",
            "commit-date": "1338812899"
        },
        {
            "package": "sonata-project/jquery-bundle",
            "version": "dev-master",
            "source-reference": "785870afce016cc387fadb361ad52c3d4a2e7fe6",
            "commit-date": "1339857469"
        },
        {
            "package": "sonata-project/media-bundle",
            "version": "dev-master",
            "source-reference": "4c2290eb3e56da80273e6f0be4c4c4ee0cc3ef55",
            "commit-date": "1341787232"
        },
        {
            "package": "sonata-project/notification-bundle",
            "version": "dev-master",
            "source-reference": "c52d09d10dc99e7a2b3c976dd65be2b071bebbf6",
            "commit-date": "1339063222"
        },
        {
            "package": "stof/doctrine-extensions-bundle",
            "version": "dev-master",
            "source-reference": "36356b158b74cb68f96dc0b657e8732422b9d5dd",
            "commit-date": "1341954345"
        },
        {
            "package": "swiftmailer/swiftmailer",
            "version": "dev-master",
            "alias-pretty-version": "4.2.x-dev",
            "alias-version": "4.2.9999999.9999999-dev"
        },
        {
            "package": "swiftmailer/swiftmailer",
            "version": "dev-master",
            "source-reference": "8b2aa953f87da228ba413e8fb1372e49c1374050",
            "commit-date": "1342198037"
        },
        {
            "package": "symfony/assetic-bundle",
            "version": "dev-master",
            "alias-pretty-version": "2.1.x-dev",
            "alias-version": "2.1.9999999.9999999-dev"
        },
        {
            "package": "symfony/assetic-bundle",
            "version": "dev-master",
            "source-reference": "ed933dcfa45f00b6bc6d7727007403f3ff429e5a",
            "commit-date": "1342126277"
        },
        {
            "package": "symfony/monolog-bundle",
            "version": "dev-master",
            "alias-pretty-version": "2.1.x-dev",
            "alias-version": "2.1.9999999.9999999-dev"
        },
        {
            "package": "symfony/monolog-bundle",
            "version": "dev-master",
            "source-reference": "v2.1.0-BETA2",
            "commit-date": "1341078487"
        },
        {
            "package": "symfony/swiftmailer-bundle",
            "version": "dev-master",
            "alias-pretty-version": "2.1.x-dev",
            "alias-version": "2.1.9999999.9999999-dev"
        },
        {
            "package": "symfony/swiftmailer-bundle",
            "version": "dev-master",
            "source-reference": "v2.1.0-BETA2",
            "commit-date": "1341509614"
        },
        {
            "package": "symfony/symfony",
            "version": "dev-master",
            "alias-pretty-version": "2.1.x-dev",
            "alias-version": "2.1.9999999.9999999-dev"
        },
        {
            "package": "symfony/symfony",
            "version": "dev-master",
            "source-reference": "36d12dde5b050363d9bf0548b98c44cd622669d3",
            "commit-date": "1342282240"
        },
        {
            "package": "twig/extensions",
            "version": "dev-master",
            "source-reference": "feb6d3f10c411e2631997c0a905aa581c80305c1",
            "commit-date": "1337599699"
        },
        {
            "package": "twig/twig",
            "version": "dev-master",
            "alias-pretty-version": "1.9.x-dev",
            "alias-version": "1.9.9999999.9999999-dev"
        },
        {
            "package": "twig/twig",
            "version": "dev-master",
            "source-reference": "17e2c36a58c4b17a58a3befa783d16ac19776df5",
            "commit-date": "1342275003"
        },
        {
            "package": "willdurand/geocoder",
            "version": "1.0.7"
        },
        {
            "package": "willdurand/geocoder-bundle",
            "version": "dev-master",
            "source-reference": "843f316a11b5af4847c70ef79527d30407403a6e",
            "commit-date": "1333271030"
        },
        {
            "package": "zendframework/zend-cache",
            "version": "2.0.0-beta1"
        },
        {
            "package": "zendframework/zend-filter",
            "version": "2.0.0-beta1"
        }
    ],
    "packages-dev": null,
    "aliases": [

    ],
    "minimum-stability": "dev",
    "stability-flags": {
        "symfony/symfony": 20,
        "doctrine/common": 20,
        "doctrine/orm": 20,
        "doctrine/dbal": 20,
        "doctrine/doctrine-bundle": 20,
        "doctrine/doctrine-fixtures-bundle": 20,
        "twig/extensions": 20,
        "symfony/assetic-bundle": 20,
        "swiftmailer/swiftmailer": 20,
        "symfony/swiftmailer-bundle": 20,
        "symfony/monolog-bundle": 20,
        "sensio/distribution-bundle": 20,
        "sensio/framework-extra-bundle": 20,
        "sensio/generator-bundle": 20,
        "lunetics/locale-bundle": 20,
        "friendsofsymfony/facebook-bundle": 20,
        "facebook/php-sdk": 20,
        "stof/doctrine-extensions-bundle": 20,
        "sonata-project/admin-bundle": 20,
        "sonata-project/doctrine-orm-admin-bundle": 20,
        "sonata-project/media-bundle": 20,
        "sonata-project/intl-bundle": 20,
        "sonata-project/easy-extends-bundle": 20,
        "knplabs/gaufrette": 20,
        "kriswallsmith/buzz": 20,
        "briareos/nodejs-bundle": 20,
        "briareos/chat-bundle": 20,
        "briareos/acl-bundle": 20,
        "elao/web-profiler-extra-bundle": 20,
        "willdurand/geocoder-bundle": 20
    }
}
